// !$*UTF8*$!
{
	archiveVersion = 1;
	classes = {
	};
	objectVersion = 56;
	objects = {

/* Begin PBXBuildFile section */
		130B4E342B04876000DBFD57 /* SDWebImage in Frameworks */ = {isa = PBXBuildFile; productRef = 130B4E332B04876000DBFD57 /* SDWebImage */; };
		130B4E362B04876000DBFD57 /* SDWebImageMapKit in Frameworks */ = {isa = PBXBuildFile; productRef = 130B4E352B04876000DBFD57 /* SDWebImageMapKit */; };
		132C84E52B050E6900D49A21 /* Baskerville.ttc in Resources */ = {isa = PBXBuildFile; fileRef = 132C84E42B050E6900D49A21 /* Baskerville.ttc */; };
		1372A6AD2B03041F00ACF1E6 /* BookSearchViewController.swift in Sources */ = {isa = PBXBuildFile; fileRef = 1372A6AC2B03041F00ACF1E6 /* BookSearchViewController.swift */; };
		1372A6B32B030F1A00ACF1E6 /* Book.swift in Sources */ = {isa = PBXBuildFile; fileRef = 1372A6B22B030F1A00ACF1E6 /* Book.swift */; };
		1372A6B82B0312E100ACF1E6 /* BookSearchViewModel.swift in Sources */ = {isa = PBXBuildFile; fileRef = 1372A6B72B0312E100ACF1E6 /* BookSearchViewModel.swift */; };
		13753DB02B07047E00E34A61 /* ProfileViewController.swift in Sources */ = {isa = PBXBuildFile; fileRef = 13753DAF2B07047E00E34A61 /* ProfileViewController.swift */; };
		13753DB22B0708C500E34A61 /* ImageView+Extensions.swift in Sources */ = {isa = PBXBuildFile; fileRef = 13753DB12B0708C500E34A61 /* ImageView+Extensions.swift */; };
		13753DB42B07193F00E34A61 /* ProffileEditViewController.swift in Sources */ = {isa = PBXBuildFile; fileRef = 13753DB32B07193F00E34A61 /* ProffileEditViewController.swift */; };
		1376BEB22B05F3470079AB22 /* BookTableViewCell.swift in Sources */ = {isa = PBXBuildFile; fileRef = 1376BEB12B05F3470079AB22 /* BookTableViewCell.swift */; };
		138F1BD12B021ABF007BC8F9 /* AppDelegate.swift in Sources */ = {isa = PBXBuildFile; fileRef = 138F1BD02B021ABF007BC8F9 /* AppDelegate.swift */; };
		138F1BD32B021ABF007BC8F9 /* SceneDelegate.swift in Sources */ = {isa = PBXBuildFile; fileRef = 138F1BD22B021ABF007BC8F9 /* SceneDelegate.swift */; };
		138F1BDB2B021ABF007BC8F9 /* BookTree.xcdatamodeld in Sources */ = {isa = PBXBuildFile; fileRef = 138F1BD92B021ABF007BC8F9 /* BookTree.xcdatamodeld */; };
		138F1BDD2B021AC1007BC8F9 /* Assets.xcassets in Resources */ = {isa = PBXBuildFile; fileRef = 138F1BDC2B021AC1007BC8F9 /* Assets.xcassets */; };
		138F1BE02B021AC1007BC8F9 /* LaunchScreen.storyboard in Resources */ = {isa = PBXBuildFile; fileRef = 138F1BDE2B021AC1007BC8F9 /* LaunchScreen.storyboard */; };
		139DC1C62B02275600B03F7A /* HomeViewController.swift in Sources */ = {isa = PBXBuildFile; fileRef = 139DC1C52B02275600B03F7A /* HomeViewController.swift */; };
		139DC1C82B022D4D00B03F7A /* VCPreview.swift in Sources */ = {isa = PBXBuildFile; fileRef = 139DC1C72B022D4D00B03F7A /* VCPreview.swift */; };
		139DC1CA2B022F1B00B03F7A /* BookCollectionViewCell.swift in Sources */ = {isa = PBXBuildFile; fileRef = 139DC1C92B022F1B00B03F7A /* BookCollectionViewCell.swift */; };
		13CCA3C82B0B4ED00017529D /* LAContext+Extensions.swift in Sources */ = {isa = PBXBuildFile; fileRef = 13CCA3C72B0B4ED00017529D /* LAContext+Extensions.swift */; };
		13DE94202B035D23003DCA03 /* BookDetailViewController.swift in Sources */ = {isa = PBXBuildFile; fileRef = 13DE941F2B035D23003DCA03 /* BookDetailViewController.swift */; };
		13DE94222B035DD1003DCA03 /* BookDetailViewModel.swift in Sources */ = {isa = PBXBuildFile; fileRef = 13DE94212B035DD1003DCA03 /* BookDetailViewModel.swift */; };
		13DE94242B036BEC003DCA03 /* APICaller.swift in Sources */ = {isa = PBXBuildFile; fileRef = 13DE94232B036BEC003DCA03 /* APICaller.swift */; };
		13DE94262B036C32003DCA03 /* String+Extensions.swift in Sources */ = {isa = PBXBuildFile; fileRef = 13DE94252B036C32003DCA03 /* String+Extensions.swift */; };
		13E68F572B05AA63008A7013 /* ViewController.swift in Sources */ = {isa = PBXBuildFile; fileRef = 13E68F562B05AA63008A7013 /* ViewController.swift */; };
		13E68F922B05ADC8008A7013 /* GIF.swift in Sources */ = {isa = PBXBuildFile; fileRef = 13E68F912B05ADC8008A7013 /* GIF.swift */; };
		13E68F942B05B0E1008A7013 /* thoundsand-sunny.gif in Resources */ = {isa = PBXBuildFile; fileRef = 13E68F932B05B0E1008A7013 /* thoundsand-sunny.gif */; };
		13E68F962B05B1B1008A7013 /* book.gif in Resources */ = {isa = PBXBuildFile; fileRef = 13E68F952B05B1B1008A7013 /* book.gif */; };
		13E68F992B05B3D6008A7013 /* LoginViewController.swift in Sources */ = {isa = PBXBuildFile; fileRef = 13E68F982B05B3D6008A7013 /* LoginViewController.swift */; };
		13E68F9B2B05B4F9008A7013 /* LoginViewModel.swift in Sources */ = {isa = PBXBuildFile; fileRef = 13E68F9A2B05B4F9008A7013 /* LoginViewModel.swift */; };
		13E68F9E2B05B573008A7013 /* UserDefaultKeys.swift in Sources */ = {isa = PBXBuildFile; fileRef = 13E68F9D2B05B573008A7013 /* UserDefaultKeys.swift */; };
		13E68FA02B05B73F008A7013 /* MainTabBarViewController.swift in Sources */ = {isa = PBXBuildFile; fileRef = 13E68F9F2B05B73F008A7013 /* MainTabBarViewController.swift */; };
		13E68FA32B05BE6D008A7013 /* FirebaseAnalytics in Frameworks */ = {isa = PBXBuildFile; productRef = 13E68FA22B05BE6D008A7013 /* FirebaseAnalytics */; };
		13E68FA52B05BE6D008A7013 /* FirebaseAnalyticsOnDeviceConversion in Frameworks */ = {isa = PBXBuildFile; productRef = 13E68FA42B05BE6D008A7013 /* FirebaseAnalyticsOnDeviceConversion */; };
		13E68FA72B05BE6D008A7013 /* FirebaseAnalyticsSwift in Frameworks */ = {isa = PBXBuildFile; productRef = 13E68FA62B05BE6D008A7013 /* FirebaseAnalyticsSwift */; };
		13E68FA92B05BE6D008A7013 /* FirebaseAnalyticsWithoutAdIdSupport in Frameworks */ = {isa = PBXBuildFile; productRef = 13E68FA82B05BE6D008A7013 /* FirebaseAnalyticsWithoutAdIdSupport */; };
		13E68FAB2B05BE6D008A7013 /* FirebaseAppCheck in Frameworks */ = {isa = PBXBuildFile; productRef = 13E68FAA2B05BE6D008A7013 /* FirebaseAppCheck */; };
		13E68FAD2B05BE6D008A7013 /* FirebaseAppDistribution-Beta in Frameworks */ = {isa = PBXBuildFile; productRef = 13E68FAC2B05BE6D008A7013 /* FirebaseAppDistribution-Beta */; };
		13E68FAF2B05BE6D008A7013 /* FirebaseAuth in Frameworks */ = {isa = PBXBuildFile; productRef = 13E68FAE2B05BE6D008A7013 /* FirebaseAuth */; };
		13E68FB12B05BE6D008A7013 /* FirebaseAuthCombine-Community in Frameworks */ = {isa = PBXBuildFile; productRef = 13E68FB02B05BE6D008A7013 /* FirebaseAuthCombine-Community */; };
		13E68FB32B05BE6D008A7013 /* FirebaseCrashlytics in Frameworks */ = {isa = PBXBuildFile; productRef = 13E68FB22B05BE6D008A7013 /* FirebaseCrashlytics */; };
		13E68FB52B05BE6D008A7013 /* FirebaseDatabase in Frameworks */ = {isa = PBXBuildFile; productRef = 13E68FB42B05BE6D008A7013 /* FirebaseDatabase */; };
		13E68FB72B05BE6D008A7013 /* FirebaseDatabaseSwift in Frameworks */ = {isa = PBXBuildFile; productRef = 13E68FB62B05BE6D008A7013 /* FirebaseDatabaseSwift */; };
		13E68FB92B05BE6D008A7013 /* FirebaseDynamicLinks in Frameworks */ = {isa = PBXBuildFile; productRef = 13E68FB82B05BE6D008A7013 /* FirebaseDynamicLinks */; };
		13E68FBB2B05BF70008A7013 /* GoogleService-Info.plist in Resources */ = {isa = PBXBuildFile; fileRef = 13E68FBA2B05BF70008A7013 /* GoogleService-Info.plist */; };
		13E68FBD2B05C102008A7013 /* SignUpViewController.swift in Sources */ = {isa = PBXBuildFile; fileRef = 13E68FBC2B05C102008A7013 /* SignUpViewController.swift */; };
/* End PBXBuildFile section */

/* Begin PBXFileReference section */
		132C84E42B050E6900D49A21 /* Baskerville.ttc */ = {isa = PBXFileReference; lastKnownFileType = file; path = Baskerville.ttc; sourceTree = "<group>"; };
		1372A6AC2B03041F00ACF1E6 /* BookSearchViewController.swift */ = {isa = PBXFileReference; lastKnownFileType = sourcecode.swift; path = BookSearchViewController.swift; sourceTree = "<group>"; };
		1372A6B22B030F1A00ACF1E6 /* Book.swift */ = {isa = PBXFileReference; lastKnownFileType = sourcecode.swift; path = Book.swift; sourceTree = "<group>"; };
		1372A6B72B0312E100ACF1E6 /* BookSearchViewModel.swift */ = {isa = PBXFileReference; lastKnownFileType = sourcecode.swift; path = BookSearchViewModel.swift; sourceTree = "<group>"; };
		13753DAF2B07047E00E34A61 /* ProfileViewController.swift */ = {isa = PBXFileReference; lastKnownFileType = sourcecode.swift; path = ProfileViewController.swift; sourceTree = "<group>"; };
		13753DB12B0708C500E34A61 /* ImageView+Extensions.swift */ = {isa = PBXFileReference; lastKnownFileType = sourcecode.swift; path = "ImageView+Extensions.swift"; sourceTree = "<group>"; };
		13753DB32B07193F00E34A61 /* ProffileEditViewController.swift */ = {isa = PBXFileReference; lastKnownFileType = sourcecode.swift; path = ProffileEditViewController.swift; sourceTree = "<group>"; };
		1376BEB12B05F3470079AB22 /* BookTableViewCell.swift */ = {isa = PBXFileReference; lastKnownFileType = sourcecode.swift; path = BookTableViewCell.swift; sourceTree = "<group>"; };
		138F1BCD2B021ABF007BC8F9 /* BookTree.app */ = {isa = PBXFileReference; explicitFileType = wrapper.application; includeInIndex = 0; path = BookTree.app; sourceTree = BUILT_PRODUCTS_DIR; };
		138F1BD02B021ABF007BC8F9 /* AppDelegate.swift */ = {isa = PBXFileReference; lastKnownFileType = sourcecode.swift; path = AppDelegate.swift; sourceTree = "<group>"; };
		138F1BD22B021ABF007BC8F9 /* SceneDelegate.swift */ = {isa = PBXFileReference; lastKnownFileType = sourcecode.swift; path = SceneDelegate.swift; sourceTree = "<group>"; };
		138F1BDA2B021ABF007BC8F9 /* BookTree.xcdatamodel */ = {isa = PBXFileReference; lastKnownFileType = wrapper.xcdatamodel; path = BookTree.xcdatamodel; sourceTree = "<group>"; };
		138F1BDC2B021AC1007BC8F9 /* Assets.xcassets */ = {isa = PBXFileReference; lastKnownFileType = folder.assetcatalog; path = Assets.xcassets; sourceTree = "<group>"; };
		138F1BDF2B021AC1007BC8F9 /* Base */ = {isa = PBXFileReference; lastKnownFileType = file.storyboard; name = Base; path = Base.lproj/LaunchScreen.storyboard; sourceTree = "<group>"; };
		138F1BE12B021AC1007BC8F9 /* Info.plist */ = {isa = PBXFileReference; lastKnownFileType = text.plist.xml; path = Info.plist; sourceTree = "<group>"; };
		139DC1C52B02275600B03F7A /* HomeViewController.swift */ = {isa = PBXFileReference; lastKnownFileType = sourcecode.swift; path = HomeViewController.swift; sourceTree = "<group>"; };
		139DC1C72B022D4D00B03F7A /* VCPreview.swift */ = {isa = PBXFileReference; lastKnownFileType = sourcecode.swift; path = VCPreview.swift; sourceTree = "<group>"; };
		139DC1C92B022F1B00B03F7A /* BookCollectionViewCell.swift */ = {isa = PBXFileReference; lastKnownFileType = sourcecode.swift; path = BookCollectionViewCell.swift; sourceTree = "<group>"; };
		13CCA3C72B0B4ED00017529D /* LAContext+Extensions.swift */ = {isa = PBXFileReference; lastKnownFileType = sourcecode.swift; path = "LAContext+Extensions.swift"; sourceTree = "<group>"; };
		13DE941F2B035D23003DCA03 /* BookDetailViewController.swift */ = {isa = PBXFileReference; lastKnownFileType = sourcecode.swift; path = BookDetailViewController.swift; sourceTree = "<group>"; };
		13DE94212B035DD1003DCA03 /* BookDetailViewModel.swift */ = {isa = PBXFileReference; lastKnownFileType = sourcecode.swift; path = BookDetailViewModel.swift; sourceTree = "<group>"; };
		13DE94232B036BEC003DCA03 /* APICaller.swift */ = {isa = PBXFileReference; lastKnownFileType = sourcecode.swift; path = APICaller.swift; sourceTree = "<group>"; };
		13DE94252B036C32003DCA03 /* String+Extensions.swift */ = {isa = PBXFileReference; lastKnownFileType = sourcecode.swift; path = "String+Extensions.swift"; sourceTree = "<group>"; };
		13E68F562B05AA63008A7013 /* ViewController.swift */ = {isa = PBXFileReference; lastKnownFileType = sourcecode.swift; path = ViewController.swift; sourceTree = "<group>"; };
		13E68F912B05ADC8008A7013 /* GIF.swift */ = {isa = PBXFileReference; lastKnownFileType = sourcecode.swift; path = GIF.swift; sourceTree = "<group>"; };
		13E68F932B05B0E1008A7013 /* thoundsand-sunny.gif */ = {isa = PBXFileReference; lastKnownFileType = image.gif; path = "thoundsand-sunny.gif"; sourceTree = "<group>"; };
		13E68F952B05B1B1008A7013 /* book.gif */ = {isa = PBXFileReference; lastKnownFileType = image.gif; path = book.gif; sourceTree = "<group>"; };
		13E68F982B05B3D6008A7013 /* LoginViewController.swift */ = {isa = PBXFileReference; lastKnownFileType = sourcecode.swift; path = LoginViewController.swift; sourceTree = "<group>"; };
		13E68F9A2B05B4F9008A7013 /* LoginViewModel.swift */ = {isa = PBXFileReference; lastKnownFileType = sourcecode.swift; path = LoginViewModel.swift; sourceTree = "<group>"; };
		13E68F9D2B05B573008A7013 /* UserDefaultKeys.swift */ = {isa = PBXFileReference; lastKnownFileType = sourcecode.swift; path = UserDefaultKeys.swift; sourceTree = "<group>"; };
		13E68F9F2B05B73F008A7013 /* MainTabBarViewController.swift */ = {isa = PBXFileReference; lastKnownFileType = sourcecode.swift; path = MainTabBarViewController.swift; sourceTree = "<group>"; };
		13E68FBA2B05BF70008A7013 /* GoogleService-Info.plist */ = {isa = PBXFileReference; fileEncoding = 4; lastKnownFileType = text.plist.xml; path = "GoogleService-Info.plist"; sourceTree = "<group>"; };
		13E68FBC2B05C102008A7013 /* SignUpViewController.swift */ = {isa = PBXFileReference; lastKnownFileType = sourcecode.swift; path = SignUpViewController.swift; sourceTree = "<group>"; };
/* End PBXFileReference section */

/* Begin PBXFrameworksBuildPhase section */
		138F1BCA2B021ABF007BC8F9 /* Frameworks */ = {
			isa = PBXFrameworksBuildPhase;
			buildActionMask = 2147483647;
			files = (
				130B4E362B04876000DBFD57 /* SDWebImageMapKit in Frameworks */,
				13E68FA92B05BE6D008A7013 /* FirebaseAnalyticsWithoutAdIdSupport in Frameworks */,
				130B4E342B04876000DBFD57 /* SDWebImage in Frameworks */,
				13E68FA32B05BE6D008A7013 /* FirebaseAnalytics in Frameworks */,
				13E68FAF2B05BE6D008A7013 /* FirebaseAuth in Frameworks */,
				13E68FB92B05BE6D008A7013 /* FirebaseDynamicLinks in Frameworks */,
				13E68FB32B05BE6D008A7013 /* FirebaseCrashlytics in Frameworks */,
				13E68FB72B05BE6D008A7013 /* FirebaseDatabaseSwift in Frameworks */,
				13E68FB52B05BE6D008A7013 /* FirebaseDatabase in Frameworks */,
				13E68FAB2B05BE6D008A7013 /* FirebaseAppCheck in Frameworks */,
				13E68FA52B05BE6D008A7013 /* FirebaseAnalyticsOnDeviceConversion in Frameworks */,
				13E68FA72B05BE6D008A7013 /* FirebaseAnalyticsSwift in Frameworks */,
				13E68FAD2B05BE6D008A7013 /* FirebaseAppDistribution-Beta in Frameworks */,
				13E68FB12B05BE6D008A7013 /* FirebaseAuthCombine-Community in Frameworks */,
			);
			runOnlyForDeploymentPostprocessing = 0;
		};
/* End PBXFrameworksBuildPhase section */

/* Begin PBXGroup section */
		132C84E32B050E3D00D49A21 /* Font */ = {
			isa = PBXGroup;
			children = (
				132C84E42B050E6900D49A21 /* Baskerville.ttc */,
			);
			path = Font;
			sourceTree = "<group>";
		};
		1372A6B42B03108F00ACF1E6 /* Extensions */ = {
			isa = PBXGroup;
			children = (
				13DE94252B036C32003DCA03 /* String+Extensions.swift */,
				13E68F912B05ADC8008A7013 /* GIF.swift */,
				13753DB12B0708C500E34A61 /* ImageView+Extensions.swift */,
				13CCA3C72B0B4ED00017529D /* LAContext+Extensions.swift */,
			);
			path = Extensions;
			sourceTree = "<group>";
		};
		13753DAD2B07040800E34A61 /* Home */ = {
			isa = PBXGroup;
			children = (
				139DC1C52B02275600B03F7A /* HomeViewController.swift */,
				13753DAF2B07047E00E34A61 /* ProfileViewController.swift */,
				13753DB32B07193F00E34A61 /* ProffileEditViewController.swift */,
			);
			path = Home;
			sourceTree = "<group>";
		};
		13753DAE2B07040D00E34A61 /* Search */ = {
			isa = PBXGroup;
			children = (
				1372A6AC2B03041F00ACF1E6 /* BookSearchViewController.swift */,
				13DE941F2B035D23003DCA03 /* BookDetailViewController.swift */,
			);
			path = Search;
			sourceTree = "<group>";
		};
		138F1BC42B021ABF007BC8F9 = {
			isa = PBXGroup;
			children = (
				138F1BCF2B021ABF007BC8F9 /* BookTree */,
				138F1BCE2B021ABF007BC8F9 /* Products */,
			);
			sourceTree = "<group>";
		};
		138F1BCE2B021ABF007BC8F9 /* Products */ = {
			isa = PBXGroup;
			children = (
				138F1BCD2B021ABF007BC8F9 /* BookTree.app */,
			);
			name = Products;
			sourceTree = "<group>";
		};
		138F1BCF2B021ABF007BC8F9 /* BookTree */ = {
			isa = PBXGroup;
			children = (
				13E68F9C2B05B562008A7013 /* Singleton */,
				1372A6B42B03108F00ACF1E6 /* Extensions */,
				139DC1C42B02270E00B03F7A /* Manager */,
				139DC1C32B02270900B03F7A /* ViewController */,
				139DC1C22B02270200B03F7A /* Model */,
				139DC1C12B0226FB00B03F7A /* ViewModel */,
				139DC1C02B0226F400B03F7A /* Views */,
				132C84E32B050E3D00D49A21 /* Font */,
				138F1BDC2B021AC1007BC8F9 /* Assets.xcassets */,
				13E68F932B05B0E1008A7013 /* thoundsand-sunny.gif */,
				13E68F952B05B1B1008A7013 /* book.gif */,
				138F1BD02B021ABF007BC8F9 /* AppDelegate.swift */,
				138F1BD22B021ABF007BC8F9 /* SceneDelegate.swift */,
				138F1BDE2B021AC1007BC8F9 /* LaunchScreen.storyboard */,
				138F1BE12B021AC1007BC8F9 /* Info.plist */,
				13E68FBA2B05BF70008A7013 /* GoogleService-Info.plist */,
				138F1BD92B021ABF007BC8F9 /* BookTree.xcdatamodeld */,
			);
			path = BookTree;
			sourceTree = "<group>";
		};
		139DC1C02B0226F400B03F7A /* Views */ = {
			isa = PBXGroup;
			children = (
				139DC1C92B022F1B00B03F7A /* BookCollectionViewCell.swift */,
				1376BEB12B05F3470079AB22 /* BookTableViewCell.swift */,
			);
			path = Views;
			sourceTree = "<group>";
		};
		139DC1C12B0226FB00B03F7A /* ViewModel */ = {
			isa = PBXGroup;
			children = (
				1372A6B72B0312E100ACF1E6 /* BookSearchViewModel.swift */,
				13DE94212B035DD1003DCA03 /* BookDetailViewModel.swift */,
				13E68F9A2B05B4F9008A7013 /* LoginViewModel.swift */,
			);
			path = ViewModel;
			sourceTree = "<group>";
		};
		139DC1C22B02270200B03F7A /* Model */ = {
			isa = PBXGroup;
			children = (
				1372A6B22B030F1A00ACF1E6 /* Book.swift */,
			);
			path = Model;
			sourceTree = "<group>";
		};
		139DC1C32B02270900B03F7A /* ViewController */ = {
			isa = PBXGroup;
			children = (
				139DC1C72B022D4D00B03F7A /* VCPreview.swift */,
				13E68F562B05AA63008A7013 /* ViewController.swift */,
				13E68F9F2B05B73F008A7013 /* MainTabBarViewController.swift */,
				13E68F972B05B3A6008A7013 /* Auth */,
				13753DAE2B07040D00E34A61 /* Search */,
				13753DAD2B07040800E34A61 /* Home */,
			);
			path = ViewController;
			sourceTree = "<group>";
		};
		139DC1C42B02270E00B03F7A /* Manager */ = {
			isa = PBXGroup;
			children = (
				13DE94232B036BEC003DCA03 /* APICaller.swift */,
			);
			path = Manager;
			sourceTree = "<group>";
		};
		13E68F972B05B3A6008A7013 /* Auth */ = {
			isa = PBXGroup;
			children = (
				13E68F982B05B3D6008A7013 /* LoginViewController.swift */,
				13E68FBC2B05C102008A7013 /* SignUpViewController.swift */,
			);
			path = Auth;
			sourceTree = "<group>";
		};
		13E68F9C2B05B562008A7013 /* Singleton */ = {
			isa = PBXGroup;
			children = (
				13E68F9D2B05B573008A7013 /* UserDefaultKeys.swift */,
			);
			path = Singleton;
			sourceTree = "<group>";
		};
/* End PBXGroup section */

/* Begin PBXNativeTarget section */
		138F1BCC2B021ABF007BC8F9 /* BookTree */ = {
			isa = PBXNativeTarget;
			buildConfigurationList = 138F1BE42B021AC1007BC8F9 /* Build configuration list for PBXNativeTarget "BookTree" */;
			buildPhases = (
				138F1BC92B021ABF007BC8F9 /* Sources */,
				138F1BCA2B021ABF007BC8F9 /* Frameworks */,
				138F1BCB2B021ABF007BC8F9 /* Resources */,
			);
			buildRules = (
			);
			dependencies = (
			);
			name = BookTree;
			packageProductDependencies = (
				130B4E332B04876000DBFD57 /* SDWebImage */,
				130B4E352B04876000DBFD57 /* SDWebImageMapKit */,
				13E68FA22B05BE6D008A7013 /* FirebaseAnalytics */,
				13E68FA42B05BE6D008A7013 /* FirebaseAnalyticsOnDeviceConversion */,
				13E68FA62B05BE6D008A7013 /* FirebaseAnalyticsSwift */,
				13E68FA82B05BE6D008A7013 /* FirebaseAnalyticsWithoutAdIdSupport */,
				13E68FAA2B05BE6D008A7013 /* FirebaseAppCheck */,
				13E68FAC2B05BE6D008A7013 /* FirebaseAppDistribution-Beta */,
				13E68FAE2B05BE6D008A7013 /* FirebaseAuth */,
				13E68FB02B05BE6D008A7013 /* FirebaseAuthCombine-Community */,
				13E68FB22B05BE6D008A7013 /* FirebaseCrashlytics */,
				13E68FB42B05BE6D008A7013 /* FirebaseDatabase */,
				13E68FB62B05BE6D008A7013 /* FirebaseDatabaseSwift */,
				13E68FB82B05BE6D008A7013 /* FirebaseDynamicLinks */,
			);
			productName = BookTree;
			productReference = 138F1BCD2B021ABF007BC8F9 /* BookTree.app */;
			productType = "com.apple.product-type.application";
		};
/* End PBXNativeTarget section */

/* Begin PBXProject section */
		138F1BC52B021ABF007BC8F9 /* Project object */ = {
			isa = PBXProject;
			attributes = {
				BuildIndependentTargetsInParallel = 1;
				LastSwiftUpdateCheck = 1500;
				LastUpgradeCheck = 1500;
				TargetAttributes = {
					138F1BCC2B021ABF007BC8F9 = {
						CreatedOnToolsVersion = 15.0.1;
					};
				};
			};
			buildConfigurationList = 138F1BC82B021ABF007BC8F9 /* Build configuration list for PBXProject "BookTree" */;
			compatibilityVersion = "Xcode 14.0";
			developmentRegion = en;
			hasScannedForEncodings = 0;
			knownRegions = (
				en,
				Base,
			);
			mainGroup = 138F1BC42B021ABF007BC8F9;
			packageReferences = (
				130B4E322B04876000DBFD57 /* XCRemoteSwiftPackageReference "SDWebImage" */,
				13E68FA12B05BE6D008A7013 /* XCRemoteSwiftPackageReference "firebase-ios-sdk" */,
			);
			productRefGroup = 138F1BCE2B021ABF007BC8F9 /* Products */;
			projectDirPath = "";
			projectRoot = "";
			targets = (
				138F1BCC2B021ABF007BC8F9 /* BookTree */,
			);
		};
/* End PBXProject section */

/* Begin PBXResourcesBuildPhase section */
		138F1BCB2B021ABF007BC8F9 /* Resources */ = {
			isa = PBXResourcesBuildPhase;
			buildActionMask = 2147483647;
			files = (
				138F1BE02B021AC1007BC8F9 /* LaunchScreen.storyboard in Resources */,
				13E68F962B05B1B1008A7013 /* book.gif in Resources */,
				138F1BDD2B021AC1007BC8F9 /* Assets.xcassets in Resources */,
				132C84E52B050E6900D49A21 /* Baskerville.ttc in Resources */,
				13E68F942B05B0E1008A7013 /* thoundsand-sunny.gif in Resources */,
				13E68FBB2B05BF70008A7013 /* GoogleService-Info.plist in Resources */,
			);
			runOnlyForDeploymentPostprocessing = 0;
		};
/* End PBXResourcesBuildPhase section */

/* Begin PBXSourcesBuildPhase section */
		138F1BC92B021ABF007BC8F9 /* Sources */ = {
			isa = PBXSourcesBuildPhase;
			buildActionMask = 2147483647;
			files = (
				13CCA3C82B0B4ED00017529D /* LAContext+Extensions.swift in Sources */,
				13E68F572B05AA63008A7013 /* ViewController.swift in Sources */,
				139DC1C82B022D4D00B03F7A /* VCPreview.swift in Sources */,
				13DE94262B036C32003DCA03 /* String+Extensions.swift in Sources */,
				13DE94242B036BEC003DCA03 /* APICaller.swift in Sources */,
				13DE94202B035D23003DCA03 /* BookDetailViewController.swift in Sources */,
				13E68FA02B05B73F008A7013 /* MainTabBarViewController.swift in Sources */,
				13DE94222B035DD1003DCA03 /* BookDetailViewModel.swift in Sources */,
				138F1BDB2B021ABF007BC8F9 /* BookTree.xcdatamodeld in Sources */,
				139DC1C62B02275600B03F7A /* HomeViewController.swift in Sources */,
				13E68F9B2B05B4F9008A7013 /* LoginViewModel.swift in Sources */,
				13E68F9E2B05B573008A7013 /* UserDefaultKeys.swift in Sources */,
				139DC1CA2B022F1B00B03F7A /* BookCollectionViewCell.swift in Sources */,
				138F1BD12B021ABF007BC8F9 /* AppDelegate.swift in Sources */,
				13E68F922B05ADC8008A7013 /* GIF.swift in Sources */,
				13753DB42B07193F00E34A61 /* ProffileEditViewController.swift in Sources */,
				1376BEB22B05F3470079AB22 /* BookTableViewCell.swift in Sources */,
				13753DB02B07047E00E34A61 /* ProfileViewController.swift in Sources */,
				138F1BD32B021ABF007BC8F9 /* SceneDelegate.swift in Sources */,
				13E68FBD2B05C102008A7013 /* SignUpViewController.swift in Sources */,
				1372A6B82B0312E100ACF1E6 /* BookSearchViewModel.swift in Sources */,
				13E68F992B05B3D6008A7013 /* LoginViewController.swift in Sources */,
				1372A6AD2B03041F00ACF1E6 /* BookSearchViewController.swift in Sources */,
				13753DB22B0708C500E34A61 /* ImageView+Extensions.swift in Sources */,
				1372A6B32B030F1A00ACF1E6 /* Book.swift in Sources */,
			);
			runOnlyForDeploymentPostprocessing = 0;
		};
/* End PBXSourcesBuildPhase section */

/* Begin PBXVariantGroup section */
		138F1BDE2B021AC1007BC8F9 /* LaunchScreen.storyboard */ = {
			isa = PBXVariantGroup;
			children = (
				138F1BDF2B021AC1007BC8F9 /* Base */,
			);
			name = LaunchScreen.storyboard;
			sourceTree = "<group>";
		};
/* End PBXVariantGroup section */

/* Begin XCBuildConfiguration section */
		138F1BE22B021AC1007BC8F9 /* Debug */ = {
			isa = XCBuildConfiguration;
			buildSettings = {
				ALWAYS_SEARCH_USER_PATHS = NO;
				ASSETCATALOG_COMPILER_GENERATE_SWIFT_ASSET_SYMBOL_EXTENSIONS = YES;
				CLANG_ANALYZER_NONNULL = YES;
				CLANG_ANALYZER_NUMBER_OBJECT_CONVERSION = YES_AGGRESSIVE;
				CLANG_CXX_LANGUAGE_STANDARD = "gnu++20";
				CLANG_ENABLE_MODULES = YES;
				CLANG_ENABLE_OBJC_ARC = YES;
				CLANG_ENABLE_OBJC_WEAK = YES;
				CLANG_WARN_BLOCK_CAPTURE_AUTORELEASING = YES;
				CLANG_WARN_BOOL_CONVERSION = YES;
				CLANG_WARN_COMMA = YES;
				CLANG_WARN_CONSTANT_CONVERSION = YES;
				CLANG_WARN_DEPRECATED_OBJC_IMPLEMENTATIONS = YES;
				CLANG_WARN_DIRECT_OBJC_ISA_USAGE = YES_ERROR;
				CLANG_WARN_DOCUMENTATION_COMMENTS = YES;
				CLANG_WARN_EMPTY_BODY = YES;
				CLANG_WARN_ENUM_CONVERSION = YES;
				CLANG_WARN_INFINITE_RECURSION = YES;
				CLANG_WARN_INT_CONVERSION = YES;
				CLANG_WARN_NON_LITERAL_NULL_CONVERSION = YES;
				CLANG_WARN_OBJC_IMPLICIT_RETAIN_SELF = YES;
				CLANG_WARN_OBJC_LITERAL_CONVERSION = YES;
				CLANG_WARN_OBJC_ROOT_CLASS = YES_ERROR;
				CLANG_WARN_QUOTED_INCLUDE_IN_FRAMEWORK_HEADER = YES;
				CLANG_WARN_RANGE_LOOP_ANALYSIS = YES;
				CLANG_WARN_STRICT_PROTOTYPES = YES;
				CLANG_WARN_SUSPICIOUS_MOVE = YES;
				CLANG_WARN_UNGUARDED_AVAILABILITY = YES_AGGRESSIVE;
				CLANG_WARN_UNREACHABLE_CODE = YES;
				CLANG_WARN__DUPLICATE_METHOD_MATCH = YES;
				COPY_PHASE_STRIP = NO;
				DEBUG_INFORMATION_FORMAT = dwarf;
				ENABLE_STRICT_OBJC_MSGSEND = YES;
				ENABLE_TESTABILITY = YES;
				ENABLE_USER_SCRIPT_SANDBOXING = YES;
				GCC_C_LANGUAGE_STANDARD = gnu17;
				GCC_DYNAMIC_NO_PIC = NO;
				GCC_NO_COMMON_BLOCKS = YES;
				GCC_OPTIMIZATION_LEVEL = 0;
				GCC_PREPROCESSOR_DEFINITIONS = (
					"DEBUG=1",
					"$(inherited)",
				);
				GCC_WARN_64_TO_32_BIT_CONVERSION = YES;
				GCC_WARN_ABOUT_RETURN_TYPE = YES_ERROR;
				GCC_WARN_UNDECLARED_SELECTOR = YES;
				GCC_WARN_UNINITIALIZED_AUTOS = YES_AGGRESSIVE;
				GCC_WARN_UNUSED_FUNCTION = YES;
				GCC_WARN_UNUSED_VARIABLE = YES;
				IPHONEOS_DEPLOYMENT_TARGET = 17.0;
				LOCALIZATION_PREFERS_STRING_CATALOGS = YES;
				MTL_ENABLE_DEBUG_INFO = INCLUDE_SOURCE;
				MTL_FAST_MATH = YES;
				ONLY_ACTIVE_ARCH = YES;
				SDKROOT = iphoneos;
				SWIFT_ACTIVE_COMPILATION_CONDITIONS = "DEBUG $(inherited)";
				SWIFT_OPTIMIZATION_LEVEL = "-Onone";
			};
			name = Debug;
		};
		138F1BE32B021AC1007BC8F9 /* Release */ = {
			isa = XCBuildConfiguration;
			buildSettings = {
				ALWAYS_SEARCH_USER_PATHS = NO;
				ASSETCATALOG_COMPILER_GENERATE_SWIFT_ASSET_SYMBOL_EXTENSIONS = YES;
				CLANG_ANALYZER_NONNULL = YES;
				CLANG_ANALYZER_NUMBER_OBJECT_CONVERSION = YES_AGGRESSIVE;
				CLANG_CXX_LANGUAGE_STANDARD = "gnu++20";
				CLANG_ENABLE_MODULES = YES;
				CLANG_ENABLE_OBJC_ARC = YES;
				CLANG_ENABLE_OBJC_WEAK = YES;
				CLANG_WARN_BLOCK_CAPTURE_AUTORELEASING = YES;
				CLANG_WARN_BOOL_CONVERSION = YES;
				CLANG_WARN_COMMA = YES;
				CLANG_WARN_CONSTANT_CONVERSION = YES;
				CLANG_WARN_DEPRECATED_OBJC_IMPLEMENTATIONS = YES;
				CLANG_WARN_DIRECT_OBJC_ISA_USAGE = YES_ERROR;
				CLANG_WARN_DOCUMENTATION_COMMENTS = YES;
				CLANG_WARN_EMPTY_BODY = YES;
				CLANG_WARN_ENUM_CONVERSION = YES;
				CLANG_WARN_INFINITE_RECURSION = YES;
				CLANG_WARN_INT_CONVERSION = YES;
				CLANG_WARN_NON_LITERAL_NULL_CONVERSION = YES;
				CLANG_WARN_OBJC_IMPLICIT_RETAIN_SELF = YES;
				CLANG_WARN_OBJC_LITERAL_CONVERSION = YES;
				CLANG_WARN_OBJC_ROOT_CLASS = YES_ERROR;
				CLANG_WARN_QUOTED_INCLUDE_IN_FRAMEWORK_HEADER = YES;
				CLANG_WARN_RANGE_LOOP_ANALYSIS = YES;
				CLANG_WARN_STRICT_PROTOTYPES = YES;
				CLANG_WARN_SUSPICIOUS_MOVE = YES;
				CLANG_WARN_UNGUARDED_AVAILABILITY = YES_AGGRESSIVE;
				CLANG_WARN_UNREACHABLE_CODE = YES;
				CLANG_WARN__DUPLICATE_METHOD_MATCH = YES;
				COPY_PHASE_STRIP = NO;
				DEBUG_INFORMATION_FORMAT = "dwarf-with-dsym";
				ENABLE_NS_ASSERTIONS = NO;
				ENABLE_STRICT_OBJC_MSGSEND = YES;
				ENABLE_USER_SCRIPT_SANDBOXING = YES;
				GCC_C_LANGUAGE_STANDARD = gnu17;
				GCC_NO_COMMON_BLOCKS = YES;
				GCC_WARN_64_TO_32_BIT_CONVERSION = YES;
				GCC_WARN_ABOUT_RETURN_TYPE = YES_ERROR;
				GCC_WARN_UNDECLARED_SELECTOR = YES;
				GCC_WARN_UNINITIALIZED_AUTOS = YES_AGGRESSIVE;
				GCC_WARN_UNUSED_FUNCTION = YES;
				GCC_WARN_UNUSED_VARIABLE = YES;
				IPHONEOS_DEPLOYMENT_TARGET = 17.0;
				LOCALIZATION_PREFERS_STRING_CATALOGS = YES;
				MTL_ENABLE_DEBUG_INFO = NO;
				MTL_FAST_MATH = YES;
				SDKROOT = iphoneos;
				SWIFT_COMPILATION_MODE = wholemodule;
				VALIDATE_PRODUCT = YES;
			};
			name = Release;
		};
		138F1BE52B021AC1007BC8F9 /* Debug */ = {
			isa = XCBuildConfiguration;
			buildSettings = {
				ASSETCATALOG_COMPILER_APPICON_NAME = AppIcon;
				ASSETCATALOG_COMPILER_GLOBAL_ACCENT_COLOR_NAME = AccentColor;
				CODE_SIGN_STYLE = Automatic;
				CURRENT_PROJECT_VERSION = 1;
				DEVELOPMENT_TEAM = RZ964C6Z7D;
				GENERATE_INFOPLIST_FILE = YES;
				INFOPLIST_FILE = BookTree/Info.plist;
				INFOPLIST_KEY_UIApplicationSupportsIndirectInputEvents = YES;
				INFOPLIST_KEY_UILaunchStoryboardName = LaunchScreen;
				INFOPLIST_KEY_UISupportedInterfaceOrientations_iPad = "UIInterfaceOrientationPortrait UIInterfaceOrientationPortraitUpsideDown UIInterfaceOrientationLandscapeLeft UIInterfaceOrientationLandscapeRight";
				INFOPLIST_KEY_UISupportedInterfaceOrientations_iPhone = "UIInterfaceOrientationPortrait UIInterfaceOrientationLandscapeLeft UIInterfaceOrientationLandscapeRight";
				IPHONEOS_DEPLOYMENT_TARGET = 15.0;
				LD_RUNPATH_SEARCH_PATHS = (
					"$(inherited)",
					"@executable_path/Frameworks",
				);
				MARKETING_VERSION = 1.0;
				PRODUCT_BUNDLE_IDENTIFIER = com.tinit4ever.BookTree;
				PRODUCT_NAME = "$(TARGET_NAME)";
				SWIFT_EMIT_LOC_STRINGS = YES;
				SWIFT_VERSION = 5.0;
				TARGETED_DEVICE_FAMILY = "1,2";
			};
			name = Debug;
		};
		138F1BE62B021AC1007BC8F9 /* Release */ = {
			isa = XCBuildConfiguration;
			buildSettings = {
				ASSETCATALOG_COMPILER_APPICON_NAME = AppIcon;
				ASSETCATALOG_COMPILER_GLOBAL_ACCENT_COLOR_NAME = AccentColor;
				CODE_SIGN_STYLE = Automatic;
				CURRENT_PROJECT_VERSION = 1;
				DEVELOPMENT_TEAM = RZ964C6Z7D;
				GENERATE_INFOPLIST_FILE = YES;
				INFOPLIST_FILE = BookTree/Info.plist;
				INFOPLIST_KEY_UIApplicationSupportsIndirectInputEvents = YES;
				INFOPLIST_KEY_UILaunchStoryboardName = LaunchScreen;
				INFOPLIST_KEY_UISupportedInterfaceOrientations_iPad = "UIInterfaceOrientationPortrait UIInterfaceOrientationPortraitUpsideDown UIInterfaceOrientationLandscapeLeft UIInterfaceOrientationLandscapeRight";
				INFOPLIST_KEY_UISupportedInterfaceOrientations_iPhone = "UIInterfaceOrientationPortrait UIInterfaceOrientationLandscapeLeft UIInterfaceOrientationLandscapeRight";
				IPHONEOS_DEPLOYMENT_TARGET = 15.0;
				LD_RUNPATH_SEARCH_PATHS = (
					"$(inherited)",
					"@executable_path/Frameworks",
				);
				MARKETING_VERSION = 1.0;
				PRODUCT_BUNDLE_IDENTIFIER = com.tinit4ever.BookTree;
				PRODUCT_NAME = "$(TARGET_NAME)";
				SWIFT_EMIT_LOC_STRINGS = YES;
				SWIFT_VERSION = 5.0;
				TARGETED_DEVICE_FAMILY = "1,2";
			};
			name = Release;
		};
/* End XCBuildConfiguration section */

/* Begin XCConfigurationList section */
		138F1BC82B021ABF007BC8F9 /* Build configuration list for PBXProject "BookTree" */ = {
			isa = XCConfigurationList;
			buildConfigurations = (
				138F1BE22B021AC1007BC8F9 /* Debug */,
				138F1BE32B021AC1007BC8F9 /* Release */,
			);
			defaultConfigurationIsVisible = 0;
			defaultConfigurationName = Release;
		};
		138F1BE42B021AC1007BC8F9 /* Build configuration list for PBXNativeTarget "BookTree" */ = {
			isa = XCConfigurationList;
			buildConfigurations = (
				138F1BE52B021AC1007BC8F9 /* Debug */,
				138F1BE62B021AC1007BC8F9 /* Release */,
			);
			defaultConfigurationIsVisible = 0;
			defaultConfigurationName = Release;
		};
/* End XCConfigurationList section */

/* Begin XCRemoteSwiftPackageReference section */
		130B4E322B04876000DBFD57 /* XCRemoteSwiftPackageReference "SDWebImage" */ = {
			isa = XCRemoteSwiftPackageReference;
			repositoryURL = "https://github.com/SDWebImage/SDWebImage.git";
			requirement = {
				branch = master;
				kind = branch;
			};
		};
		13E68FA12B05BE6D008A7013 /* XCRemoteSwiftPackageReference "firebase-ios-sdk" */ = {
			isa = XCRemoteSwiftPackageReference;
			repositoryURL = "https://github.com/firebase/firebase-ios-sdk";
			requirement = {
				kind = upToNextMajorVersion;
				minimumVersion = 10.18.0;
			};
		};
/* End XCRemoteSwiftPackageReference section */

/* Begin XCSwiftPackageProductDependency section */
		130B4E332B04876000DBFD57 /* SDWebImage */ = {
			isa = XCSwiftPackageProductDependency;
			package = 130B4E322B04876000DBFD57 /* XCRemoteSwiftPackageReference "SDWebImage" */;
			productName = SDWebImage;
		};
		130B4E352B04876000DBFD57 /* SDWebImageMapKit */ = {
			isa = XCSwiftPackageProductDependency;
			package = 130B4E322B04876000DBFD57 /* XCRemoteSwiftPackageReference "SDWebImage" */;
			productName = SDWebImageMapKit;
		};
		13E68FA22B05BE6D008A7013 /* FirebaseAnalytics */ = {
			isa = XCSwiftPackageProductDependency;
			package = 13E68FA12B05BE6D008A7013 /* XCRemoteSwiftPackageReference "firebase-ios-sdk" */;
			productName = FirebaseAnalytics;
		};
		13E68FA42B05BE6D008A7013 /* FirebaseAnalyticsOnDeviceConversion */ = {
			isa = XCSwiftPackageProductDependency;
			package = 13E68FA12B05BE6D008A7013 /* XCRemoteSwiftPackageReference "firebase-ios-sdk" */;
			productName = FirebaseAnalyticsOnDeviceConversion;
		};
		13E68FA62B05BE6D008A7013 /* FirebaseAnalyticsSwift */ = {
			isa = XCSwiftPackageProductDependency;
			package = 13E68FA12B05BE6D008A7013 /* XCRemoteSwiftPackageReference "firebase-ios-sdk" */;
			productName = FirebaseAnalyticsSwift;
		};
		13E68FA82B05BE6D008A7013 /* FirebaseAnalyticsWithoutAdIdSupport */ = {
			isa = XCSwiftPackageProductDependency;
			package = 13E68FA12B05BE6D008A7013 /* XCRemoteSwiftPackageReference "firebase-ios-sdk" */;
			productName = FirebaseAnalyticsWithoutAdIdSupport;
		};
		13E68FAA2B05BE6D008A7013 /* FirebaseAppCheck */ = {
			isa = XCSwiftPackageProductDependency;
			package = 13E68FA12B05BE6D008A7013 /* XCRemoteSwiftPackageReference "firebase-ios-sdk" */;
			productName = FirebaseAppCheck;
		};
		13E68FAC2B05BE6D008A7013 /* FirebaseAppDistribution-Beta */ = {
			isa = XCSwiftPackageProductDependency;
			package = 13E68FA12B05BE6D008A7013 /* XCRemoteSwiftPackageReference "firebase-ios-sdk" */;
			productName = "FirebaseAppDistribution-Beta";
		};
		13E68FAE2B05BE6D008A7013 /* FirebaseAuth */ = {
			isa = XCSwiftPackageProductDependency;
			package = 13E68FA12B05BE6D008A7013 /* XCRemoteSwiftPackageReference "firebase-ios-sdk" */;
			productName = FirebaseAuth;
		};
		13E68FB02B05BE6D008A7013 /* FirebaseAuthCombine-Community */ = {
			isa = XCSwiftPackageProductDependency;
			package = 13E68FA12B05BE6D008A7013 /* XCRemoteSwiftPackageReference "firebase-ios-sdk" */;
			productName = "FirebaseAuthCombine-Community";
		};
		13E68FB22B05BE6D008A7013 /* FirebaseCrashlytics */ = {
			isa = XCSwiftPackageProductDependency;
			package = 13E68FA12B05BE6D008A7013 /* XCRemoteSwiftPackageReference "firebase-ios-sdk" */;
			productName = FirebaseCrashlytics;
		};
		13E68FB42B05BE6D008A7013 /* FirebaseDatabase */ = {
			isa = XCSwiftPackageProductDependency;
			package = 13E68FA12B05BE6D008A7013 /* XCRemoteSwiftPackageReference "firebase-ios-sdk" */;
			productName = FirebaseDatabase;
		};
		13E68FB62B05BE6D008A7013 /* FirebaseDatabaseSwift */ = {
			isa = XCSwiftPackageProductDependency;
			package = 13E68FA12B05BE6D008A7013 /* XCRemoteSwiftPackageReference "firebase-ios-sdk" */;
			productName = FirebaseDatabaseSwift;
		};
		13E68FB82B05BE6D008A7013 /* FirebaseDynamicLinks */ = {
			isa = XCSwiftPackageProductDependency;
			package = 13E68FA12B05BE6D008A7013 /* XCRemoteSwiftPackageReference "firebase-ios-sdk" */;
			productName = FirebaseDynamicLinks;
		};
/* End XCSwiftPackageProductDependency section */

/* Begin XCVersionGroup section */
		138F1BD92B021ABF007BC8F9 /* BookTree.xcdatamodeld */ = {
			isa = XCVersionGroup;
			children = (
				138F1BDA2B021ABF007BC8F9 /* BookTree.xcdatamodel */,
			);
			currentVersion = 138F1BDA2B021ABF007BC8F9 /* BookTree.xcdatamodel */;
			path = BookTree.xcdatamodeld;
			sourceTree = "<group>";
			versionGroupType = wrapper.xcdatamodel;
		};
/* End XCVersionGroup section */
	};
	rootObject = 138F1BC52B021ABF007BC8F9 /* Project object */;
}
