// !$*UTF8*$!
{
	archiveVersion = 1;
	classes = {
	};
	objectVersion = 56;
	objects = {

/* Begin PBXBuildFile section */
		1372A6AD2B03041F00ACF1E6 /* BookSearchViewController.swift in Sources */ = {isa = PBXBuildFile; fileRef = 1372A6AC2B03041F00ACF1E6 /* BookSearchViewController.swift */; };
		1372A6B02B030EED00ACF1E6 /* APICaller.swift in Sources */ = {isa = PBXBuildFile; fileRef = 1372A6AE2B030EED00ACF1E6 /* APICaller.swift */; };
		1372A6B32B030F1A00ACF1E6 /* Book.swift in Sources */ = {isa = PBXBuildFile; fileRef = 1372A6B22B030F1A00ACF1E6 /* Book.swift */; };
		1372A6B62B0310A700ACF1E6 /* String+Extensions.swift in Sources */ = {isa = PBXBuildFile; fileRef = 1372A6B52B0310A700ACF1E6 /* String+Extensions.swift */; };
		1372A6B82B0312E100ACF1E6 /* BookSearchViewModel.swift in Sources */ = {isa = PBXBuildFile; fileRef = 1372A6B72B0312E100ACF1E6 /* BookSearchViewModel.swift */; };
		138F1BD12B021ABF007BC8F9 /* AppDelegate.swift in Sources */ = {isa = PBXBuildFile; fileRef = 138F1BD02B021ABF007BC8F9 /* AppDelegate.swift */; };
		138F1BD32B021ABF007BC8F9 /* SceneDelegate.swift in Sources */ = {isa = PBXBuildFile; fileRef = 138F1BD22B021ABF007BC8F9 /* SceneDelegate.swift */; };
		138F1BDB2B021ABF007BC8F9 /* BookTree.xcdatamodeld in Sources */ = {isa = PBXBuildFile; fileRef = 138F1BD92B021ABF007BC8F9 /* BookTree.xcdatamodeld */; };
		138F1BDD2B021AC1007BC8F9 /* Assets.xcassets in Resources */ = {isa = PBXBuildFile; fileRef = 138F1BDC2B021AC1007BC8F9 /* Assets.xcassets */; };
		138F1BE02B021AC1007BC8F9 /* LaunchScreen.storyboard in Resources */ = {isa = PBXBuildFile; fileRef = 138F1BDE2B021AC1007BC8F9 /* LaunchScreen.storyboard */; };
		139DC1C62B02275600B03F7A /* HomeViewController.swift in Sources */ = {isa = PBXBuildFile; fileRef = 139DC1C52B02275600B03F7A /* HomeViewController.swift */; };
		139DC1C82B022D4D00B03F7A /* VCPreview.swift in Sources */ = {isa = PBXBuildFile; fileRef = 139DC1C72B022D4D00B03F7A /* VCPreview.swift */; };
		139DC1CA2B022F1B00B03F7A /* BookCollectionViewCell.swift in Sources */ = {isa = PBXBuildFile; fileRef = 139DC1C92B022F1B00B03F7A /* BookCollectionViewCell.swift */; };
		13DE94202B035D23003DCA03 /* BookDetailViewController.swift in Sources */ = {isa = PBXBuildFile; fileRef = 13DE941F2B035D23003DCA03 /* BookDetailViewController.swift */; };
		13DE94222B035DD1003DCA03 /* BookDetailViewModel.swift in Sources */ = {isa = PBXBuildFile; fileRef = 13DE94212B035DD1003DCA03 /* BookDetailViewModel.swift */; };
/* End PBXBuildFile section */

/* Begin PBXFileReference section */
		1372A6AC2B03041F00ACF1E6 /* BookSearchViewController.swift */ = {isa = PBXFileReference; lastKnownFileType = sourcecode.swift; path = BookSearchViewController.swift; sourceTree = "<group>"; };
		1372A6AE2B030EED00ACF1E6 /* APICaller.swift */ = {isa = PBXFileReference; fileEncoding = 4; lastKnownFileType = sourcecode.swift; name = APICaller.swift; path = ../../../../Documents/contact/Contact/Manager/APICaller.swift; sourceTree = "<group>"; };
		1372A6B22B030F1A00ACF1E6 /* Book.swift */ = {isa = PBXFileReference; lastKnownFileType = sourcecode.swift; path = Book.swift; sourceTree = "<group>"; };
		1372A6B52B0310A700ACF1E6 /* String+Extensions.swift */ = {isa = PBXFileReference; fileEncoding = 4; lastKnownFileType = sourcecode.swift; name = "String+Extensions.swift"; path = "../../../../Documents/MoviesAppUIKit/MoviesAppUIKit/Extensions/String+Extensions.swift"; sourceTree = "<group>"; };
		1372A6B72B0312E100ACF1E6 /* BookSearchViewModel.swift */ = {isa = PBXFileReference; lastKnownFileType = sourcecode.swift; path = BookSearchViewModel.swift; sourceTree = "<group>"; };
		138F1BCD2B021ABF007BC8F9 /* BookTree.app */ = {isa = PBXFileReference; explicitFileType = wrapper.application; includeInIndex = 0; path = BookTree.app; sourceTree = BUILT_PRODUCTS_DIR; };
		138F1BD02B021ABF007BC8F9 /* AppDelegate.swift */ = {isa = PBXFileReference; lastKnownFileType = sourcecode.swift; path = AppDelegate.swift; sourceTree = "<group>"; };
		138F1BD22B021ABF007BC8F9 /* SceneDelegate.swift */ = {isa = PBXFileReference; lastKnownFileType = sourcecode.swift; path = SceneDelegate.swift; sourceTree = "<group>"; };
		138F1BDA2B021ABF007BC8F9 /* BookTree.xcdatamodel */ = {isa = PBXFileReference; lastKnownFileType = wrapper.xcdatamodel; path = BookTree.xcdatamodel; sourceTree = "<group>"; };
		138F1BDC2B021AC1007BC8F9 /* Assets.xcassets */ = {isa = PBXFileReference; lastKnownFileType = folder.assetcatalog; path = Assets.xcassets; sourceTree = "<group>"; };
		138F1BDF2B021AC1007BC8F9 /* Base */ = {isa = PBXFileReference; lastKnownFileType = file.storyboard; name = Base; path = Base.lproj/LaunchScreen.storyboard; sourceTree = "<group>"; };
		138F1BE12B021AC1007BC8F9 /* Info.plist */ = {isa = PBXFileReference; lastKnownFileType = text.plist.xml; path = Info.plist; sourceTree = "<group>"; };
		139DC1C52B02275600B03F7A /* HomeViewController.swift */ = {isa = PBXFileReference; lastKnownFileType = sourcecode.swift; path = HomeViewController.swift; sourceTree = "<group>"; };
		139DC1C72B022D4D00B03F7A /* VCPreview.swift */ = {isa = PBXFileReference; lastKnownFileType = sourcecode.swift; path = VCPreview.swift; sourceTree = "<group>"; };
		139DC1C92B022F1B00B03F7A /* BookCollectionViewCell.swift */ = {isa = PBXFileReference; lastKnownFileType = sourcecode.swift; path = BookCollectionViewCell.swift; sourceTree = "<group>"; };
		13DE941F2B035D23003DCA03 /* BookDetailViewController.swift */ = {isa = PBXFileReference; lastKnownFileType = sourcecode.swift; path = BookDetailViewController.swift; sourceTree = "<group>"; };
		13DE94212B035DD1003DCA03 /* BookDetailViewModel.swift */ = {isa = PBXFileReference; lastKnownFileType = sourcecode.swift; path = BookDetailViewModel.swift; sourceTree = "<group>"; };
/* End PBXFileReference section */

/* Begin PBXFrameworksBuildPhase section */
		138F1BCA2B021ABF007BC8F9 /* Frameworks */ = {
			isa = PBXFrameworksBuildPhase;
			buildActionMask = 2147483647;
			files = (
			);
			runOnlyForDeploymentPostprocessing = 0;
		};
/* End PBXFrameworksBuildPhase section */

/* Begin PBXGroup section */
		1372A6B42B03108F00ACF1E6 /* Extensions */ = {
			isa = PBXGroup;
			children = (
				1372A6B52B0310A700ACF1E6 /* String+Extensions.swift */,
			);
			path = Extensions;
			sourceTree = "<group>";
		};
		138F1BC42B021ABF007BC8F9 = {
			isa = PBXGroup;
			children = (
				138F1BCF2B021ABF007BC8F9 /* BookTree */,
				138F1BCE2B021ABF007BC8F9 /* Products */,
			);
			sourceTree = "<group>";
		};
		138F1BCE2B021ABF007BC8F9 /* Products */ = {
			isa = PBXGroup;
			children = (
				138F1BCD2B021ABF007BC8F9 /* BookTree.app */,
			);
			name = Products;
			sourceTree = "<group>";
		};
		138F1BCF2B021ABF007BC8F9 /* BookTree */ = {
			isa = PBXGroup;
			children = (
				138F1BDC2B021AC1007BC8F9 /* Assets.xcassets */,
				138F1BD02B021ABF007BC8F9 /* AppDelegate.swift */,
				138F1BD22B021ABF007BC8F9 /* SceneDelegate.swift */,
				1372A6B42B03108F00ACF1E6 /* Extensions */,
				139DC1C42B02270E00B03F7A /* Manager */,
				139DC1C32B02270900B03F7A /* ViewController */,
				139DC1C22B02270200B03F7A /* Model */,
				139DC1C12B0226FB00B03F7A /* ViewModel */,
				139DC1C02B0226F400B03F7A /* Views */,
				138F1BDE2B021AC1007BC8F9 /* LaunchScreen.storyboard */,
				138F1BE12B021AC1007BC8F9 /* Info.plist */,
				138F1BD92B021ABF007BC8F9 /* BookTree.xcdatamodeld */,
			);
			path = BookTree;
			sourceTree = "<group>";
		};
		139DC1C02B0226F400B03F7A /* Views */ = {
			isa = PBXGroup;
			children = (
				139DC1C92B022F1B00B03F7A /* BookCollectionViewCell.swift */,
			);
			path = Views;
			sourceTree = "<group>";
		};
		139DC1C12B0226FB00B03F7A /* ViewModel */ = {
			isa = PBXGroup;
			children = (
				1372A6B72B0312E100ACF1E6 /* BookSearchViewModel.swift */,
				13DE94212B035DD1003DCA03 /* BookDetailViewModel.swift */,
			);
			path = ViewModel;
			sourceTree = "<group>";
		};
		139DC1C22B02270200B03F7A /* Model */ = {
			isa = PBXGroup;
			children = (
				1372A6B22B030F1A00ACF1E6 /* Book.swift */,
			);
			path = Model;
			sourceTree = "<group>";
		};
		139DC1C32B02270900B03F7A /* ViewController */ = {
			isa = PBXGroup;
			children = (
				139DC1C52B02275600B03F7A /* HomeViewController.swift */,
				1372A6AC2B03041F00ACF1E6 /* BookSearchViewController.swift */,
				13DE941F2B035D23003DCA03 /* BookDetailViewController.swift */,
				139DC1C72B022D4D00B03F7A /* VCPreview.swift */,
			);
			path = ViewController;
			sourceTree = "<group>";
		};
		139DC1C42B02270E00B03F7A /* Manager */ = {
			isa = PBXGroup;
			children = (
				1372A6AE2B030EED00ACF1E6 /* APICaller.swift */,
			);
			path = Manager;
			sourceTree = "<group>";
		};
/* End PBXGroup section */

/* Begin PBXNativeTarget section */
		138F1BCC2B021ABF007BC8F9 /* BookTree */ = {
			isa = PBXNativeTarget;
			buildConfigurationList = 138F1BE42B021AC1007BC8F9 /* Build configuration list for PBXNativeTarget "BookTree" */;
			buildPhases = (
				138F1BC92B021ABF007BC8F9 /* Sources */,
				138F1BCA2B021ABF007BC8F9 /* Frameworks */,
				138F1BCB2B021ABF007BC8F9 /* Resources */,
			);
			buildRules = (
			);
			dependencies = (
			);
			name = BookTree;
			productName = BookTree;
			productReference = 138F1BCD2B021ABF007BC8F9 /* BookTree.app */;
			productType = "com.apple.product-type.application";
		};
/* End PBXNativeTarget section */

/* Begin PBXProject section */
		138F1BC52B021ABF007BC8F9 /* Project object */ = {
			isa = PBXProject;
			attributes = {
				BuildIndependentTargetsInParallel = 1;
				LastSwiftUpdateCheck = 1500;
				LastUpgradeCheck = 1500;
				TargetAttributes = {
					138F1BCC2B021ABF007BC8F9 = {
						CreatedOnToolsVersion = 15.0.1;
					};
				};
			};
			buildConfigurationList = 138F1BC82B021ABF007BC8F9 /* Build configuration list for PBXProject "BookTree" */;
			compatibilityVersion = "Xcode 14.0";
			developmentRegion = en;
			hasScannedForEncodings = 0;
			knownRegions = (
				en,
				Base,
			);
			mainGroup = 138F1BC42B021ABF007BC8F9;
			productRefGroup = 138F1BCE2B021ABF007BC8F9 /* Products */;
			projectDirPath = "";
			projectRoot = "";
			targets = (
				138F1BCC2B021ABF007BC8F9 /* BookTree */,
			);
		};
/* End PBXProject section */

/* Begin PBXResourcesBuildPhase section */
		138F1BCB2B021ABF007BC8F9 /* Resources */ = {
			isa = PBXResourcesBuildPhase;
			buildActionMask = 2147483647;
			files = (
				138F1BE02B021AC1007BC8F9 /* LaunchScreen.storyboard in Resources */,
				138F1BDD2B021AC1007BC8F9 /* Assets.xcassets in Resources */,
			);
			runOnlyForDeploymentPostprocessing = 0;
		};
/* End PBXResourcesBuildPhase section */

/* Begin PBXSourcesBuildPhase section */
		138F1BC92B021ABF007BC8F9 /* Sources */ = {
			isa = PBXSourcesBuildPhase;
			buildActionMask = 2147483647;
			files = (
				139DC1C82B022D4D00B03F7A /* VCPreview.swift in Sources */,
				1372A6B62B0310A700ACF1E6 /* String+Extensions.swift in Sources */,
				13DE94202B035D23003DCA03 /* BookDetailViewController.swift in Sources */,
				13DE94222B035DD1003DCA03 /* BookDetailViewModel.swift in Sources */,
				138F1BDB2B021ABF007BC8F9 /* BookTree.xcdatamodeld in Sources */,
				139DC1C62B02275600B03F7A /* HomeViewController.swift in Sources */,
				139DC1CA2B022F1B00B03F7A /* BookCollectionViewCell.swift in Sources */,
				138F1BD12B021ABF007BC8F9 /* AppDelegate.swift in Sources */,
				138F1BD32B021ABF007BC8F9 /* SceneDelegate.swift in Sources */,
				1372A6B82B0312E100ACF1E6 /* BookSearchViewModel.swift in Sources */,
				1372A6AD2B03041F00ACF1E6 /* BookSearchViewController.swift in Sources */,
				1372A6B32B030F1A00ACF1E6 /* Book.swift in Sources */,
				1372A6B02B030EED00ACF1E6 /* APICaller.swift in Sources */,
			);
			runOnlyForDeploymentPostprocessing = 0;
		};
/* End PBXSourcesBuildPhase section */

/* Begin PBXVariantGroup section */
		138F1BDE2B021AC1007BC8F9 /* LaunchScreen.storyboard */ = {
			isa = PBXVariantGroup;
			children = (
				138F1BDF2B021AC1007BC8F9 /* Base */,
			);
			name = LaunchScreen.storyboard;
			sourceTree = "<group>";
		};
/* End PBXVariantGroup section */

/* Begin XCBuildConfiguration section */
		138F1BE22B021AC1007BC8F9 /* Debug */ = {
			isa = XCBuildConfiguration;
			buildSettings = {
				ALWAYS_SEARCH_USER_PATHS = NO;
				ASSETCATALOG_COMPILER_GENERATE_SWIFT_ASSET_SYMBOL_EXTENSIONS = YES;
				CLANG_ANALYZER_NONNULL = YES;
				CLANG_ANALYZER_NUMBER_OBJECT_CONVERSION = YES_AGGRESSIVE;
				CLANG_CXX_LANGUAGE_STANDARD = "gnu++20";
				CLANG_ENABLE_MODULES = YES;
				CLANG_ENABLE_OBJC_ARC = YES;
				CLANG_ENABLE_OBJC_WEAK = YES;
				CLANG_WARN_BLOCK_CAPTURE_AUTORELEASING = YES;
				CLANG_WARN_BOOL_CONVERSION = YES;
				CLANG_WARN_COMMA = YES;
				CLANG_WARN_CONSTANT_CONVERSION = YES;
				CLANG_WARN_DEPRECATED_OBJC_IMPLEMENTATIONS = YES;
				CLANG_WARN_DIRECT_OBJC_ISA_USAGE = YES_ERROR;
				CLANG_WARN_DOCUMENTATION_COMMENTS = YES;
				CLANG_WARN_EMPTY_BODY = YES;
				CLANG_WARN_ENUM_CONVERSION = YES;
				CLANG_WARN_INFINITE_RECURSION = YES;
				CLANG_WARN_INT_CONVERSION = YES;
				CLANG_WARN_NON_LITERAL_NULL_CONVERSION = YES;
				CLANG_WARN_OBJC_IMPLICIT_RETAIN_SELF = YES;
				CLANG_WARN_OBJC_LITERAL_CONVERSION = YES;
				CLANG_WARN_OBJC_ROOT_CLASS = YES_ERROR;
				CLANG_WARN_QUOTED_INCLUDE_IN_FRAMEWORK_HEADER = YES;
				CLANG_WARN_RANGE_LOOP_ANALYSIS = YES;
				CLANG_WARN_STRICT_PROTOTYPES = YES;
				CLANG_WARN_SUSPICIOUS_MOVE = YES;
				CLANG_WARN_UNGUARDED_AVAILABILITY = YES_AGGRESSIVE;
				CLANG_WARN_UNREACHABLE_CODE = YES;
				CLANG_WARN__DUPLICATE_METHOD_MATCH = YES;
				COPY_PHASE_STRIP = NO;
				DEBUG_INFORMATION_FORMAT = dwarf;
				ENABLE_STRICT_OBJC_MSGSEND = YES;
				ENABLE_TESTABILITY = YES;
				ENABLE_USER_SCRIPT_SANDBOXING = YES;
				GCC_C_LANGUAGE_STANDARD = gnu17;
				GCC_DYNAMIC_NO_PIC = NO;
				GCC_NO_COMMON_BLOCKS = YES;
				GCC_OPTIMIZATION_LEVEL = 0;
				GCC_PREPROCESSOR_DEFINITIONS = (
					"DEBUG=1",
					"$(inherited)",
				);
				GCC_WARN_64_TO_32_BIT_CONVERSION = YES;
				GCC_WARN_ABOUT_RETURN_TYPE = YES_ERROR;
				GCC_WARN_UNDECLARED_SELECTOR = YES;
				GCC_WARN_UNINITIALIZED_AUTOS = YES_AGGRESSIVE;
				GCC_WARN_UNUSED_FUNCTION = YES;
				GCC_WARN_UNUSED_VARIABLE = YES;
				IPHONEOS_DEPLOYMENT_TARGET = 17.0;
				LOCALIZATION_PREFERS_STRING_CATALOGS = YES;
				MTL_ENABLE_DEBUG_INFO = INCLUDE_SOURCE;
				MTL_FAST_MATH = YES;
				ONLY_ACTIVE_ARCH = YES;
				SDKROOT = iphoneos;
				SWIFT_ACTIVE_COMPILATION_CONDITIONS = "DEBUG $(inherited)";
				SWIFT_OPTIMIZATION_LEVEL = "-Onone";
			};
			name = Debug;
		};
		138F1BE32B021AC1007BC8F9 /* Release */ = {
			isa = XCBuildConfiguration;
			buildSettings = {
				ALWAYS_SEARCH_USER_PATHS = NO;
				ASSETCATALOG_COMPILER_GENERATE_SWIFT_ASSET_SYMBOL_EXTENSIONS = YES;
				CLANG_ANALYZER_NONNULL = YES;
				CLANG_ANALYZER_NUMBER_OBJECT_CONVERSION = YES_AGGRESSIVE;
				CLANG_CXX_LANGUAGE_STANDARD = "gnu++20";
				CLANG_ENABLE_MODULES = YES;
				CLANG_ENABLE_OBJC_ARC = YES;
				CLANG_ENABLE_OBJC_WEAK = YES;
				CLANG_WARN_BLOCK_CAPTURE_AUTORELEASING = YES;
				CLANG_WARN_BOOL_CONVERSION = YES;
				CLANG_WARN_COMMA = YES;
				CLANG_WARN_CONSTANT_CONVERSION = YES;
				CLANG_WARN_DEPRECATED_OBJC_IMPLEMENTATIONS = YES;
				CLANG_WARN_DIRECT_OBJC_ISA_USAGE = YES_ERROR;
				CLANG_WARN_DOCUMENTATION_COMMENTS = YES;
				CLANG_WARN_EMPTY_BODY = YES;
				CLANG_WARN_ENUM_CONVERSION = YES;
				CLANG_WARN_INFINITE_RECURSION = YES;
				CLANG_WARN_INT_CONVERSION = YES;
				CLANG_WARN_NON_LITERAL_NULL_CONVERSION = YES;
				CLANG_WARN_OBJC_IMPLICIT_RETAIN_SELF = YES;
				CLANG_WARN_OBJC_LITERAL_CONVERSION = YES;
				CLANG_WARN_OBJC_ROOT_CLASS = YES_ERROR;
				CLANG_WARN_QUOTED_INCLUDE_IN_FRAMEWORK_HEADER = YES;
				CLANG_WARN_RANGE_LOOP_ANALYSIS = YES;
				CLANG_WARN_STRICT_PROTOTYPES = YES;
				CLANG_WARN_SUSPICIOUS_MOVE = YES;
				CLANG_WARN_UNGUARDED_AVAILABILITY = YES_AGGRESSIVE;
				CLANG_WARN_UNREACHABLE_CODE = YES;
				CLANG_WARN__DUPLICATE_METHOD_MATCH = YES;
				COPY_PHASE_STRIP = NO;
				DEBUG_INFORMATION_FORMAT = "dwarf-with-dsym";
				ENABLE_NS_ASSERTIONS = NO;
				ENABLE_STRICT_OBJC_MSGSEND = YES;
				ENABLE_USER_SCRIPT_SANDBOXING = YES;
				GCC_C_LANGUAGE_STANDARD = gnu17;
				GCC_NO_COMMON_BLOCKS = YES;
				GCC_WARN_64_TO_32_BIT_CONVERSION = YES;
				GCC_WARN_ABOUT_RETURN_TYPE = YES_ERROR;
				GCC_WARN_UNDECLARED_SELECTOR = YES;
				GCC_WARN_UNINITIALIZED_AUTOS = YES_AGGRESSIVE;
				GCC_WARN_UNUSED_FUNCTION = YES;
				GCC_WARN_UNUSED_VARIABLE = YES;
				IPHONEOS_DEPLOYMENT_TARGET = 17.0;
				LOCALIZATION_PREFERS_STRING_CATALOGS = YES;
				MTL_ENABLE_DEBUG_INFO = NO;
				MTL_FAST_MATH = YES;
				SDKROOT = iphoneos;
				SWIFT_COMPILATION_MODE = wholemodule;
				VALIDATE_PRODUCT = YES;
			};
			name = Release;
		};
		138F1BE52B021AC1007BC8F9 /* Debug */ = {
			isa = XCBuildConfiguration;
			buildSettings = {
				ASSETCATALOG_COMPILER_APPICON_NAME = AppIcon;
				ASSETCATALOG_COMPILER_GLOBAL_ACCENT_COLOR_NAME = AccentColor;
				CODE_SIGN_STYLE = Automatic;
				CURRENT_PROJECT_VERSION = 1;
				DEVELOPMENT_TEAM = RZ964C6Z7D;
				GENERATE_INFOPLIST_FILE = YES;
				INFOPLIST_FILE = BookTree/Info.plist;
				INFOPLIST_KEY_UIApplicationSupportsIndirectInputEvents = YES;
				INFOPLIST_KEY_UILaunchStoryboardName = LaunchScreen;
				INFOPLIST_KEY_UISupportedInterfaceOrientations_iPad = "UIInterfaceOrientationPortrait UIInterfaceOrientationPortraitUpsideDown UIInterfaceOrientationLandscapeLeft UIInterfaceOrientationLandscapeRight";
				INFOPLIST_KEY_UISupportedInterfaceOrientations_iPhone = "UIInterfaceOrientationPortrait UIInterfaceOrientationLandscapeLeft UIInterfaceOrientationLandscapeRight";
				IPHONEOS_DEPLOYMENT_TARGET = 15.0;
				LD_RUNPATH_SEARCH_PATHS = (
					"$(inherited)",
					"@executable_path/Frameworks",
				);
				MARKETING_VERSION = 1.0;
				PRODUCT_BUNDLE_IDENTIFIER = com.tinit4ever.BookTree;
				PRODUCT_NAME = "$(TARGET_NAME)";
				SWIFT_EMIT_LOC_STRINGS = YES;
				SWIFT_VERSION = 5.0;
				TARGETED_DEVICE_FAMILY = "1,2";
			};
			name = Debug;
		};
		138F1BE62B021AC1007BC8F9 /* Release */ = {
			isa = XCBuildConfiguration;
			buildSettings = {
				ASSETCATALOG_COMPILER_APPICON_NAME = AppIcon;
				ASSETCATALOG_COMPILER_GLOBAL_ACCENT_COLOR_NAME = AccentColor;
				CODE_SIGN_STYLE = Automatic;
				CURRENT_PROJECT_VERSION = 1;
				DEVELOPMENT_TEAM = RZ964C6Z7D;
				GENERATE_INFOPLIST_FILE = YES;
				INFOPLIST_FILE = BookTree/Info.plist;
				INFOPLIST_KEY_UIApplicationSupportsIndirectInputEvents = YES;
				INFOPLIST_KEY_UILaunchStoryboardName = LaunchScreen;
				INFOPLIST_KEY_UISupportedInterfaceOrientations_iPad = "UIInterfaceOrientationPortrait UIInterfaceOrientationPortraitUpsideDown UIInterfaceOrientationLandscapeLeft UIInterfaceOrientationLandscapeRight";
				INFOPLIST_KEY_UISupportedInterfaceOrientations_iPhone = "UIInterfaceOrientationPortrait UIInterfaceOrientationLandscapeLeft UIInterfaceOrientationLandscapeRight";
				IPHONEOS_DEPLOYMENT_TARGET = 15.0;
				LD_RUNPATH_SEARCH_PATHS = (
					"$(inherited)",
					"@executable_path/Frameworks",
				);
				MARKETING_VERSION = 1.0;
				PRODUCT_BUNDLE_IDENTIFIER = com.tinit4ever.BookTree;
				PRODUCT_NAME = "$(TARGET_NAME)";
				SWIFT_EMIT_LOC_STRINGS = YES;
				SWIFT_VERSION = 5.0;
				TARGETED_DEVICE_FAMILY = "1,2";
			};
			name = Release;
		};
/* End XCBuildConfiguration section */

/* Begin XCConfigurationList section */
		138F1BC82B021ABF007BC8F9 /* Build configuration list for PBXProject "BookTree" */ = {
			isa = XCConfigurationList;
			buildConfigurations = (
				138F1BE22B021AC1007BC8F9 /* Debug */,
				138F1BE32B021AC1007BC8F9 /* Release */,
			);
			defaultConfigurationIsVisible = 0;
			defaultConfigurationName = Release;
		};
		138F1BE42B021AC1007BC8F9 /* Build configuration list for PBXNativeTarget "BookTree" */ = {
			isa = XCConfigurationList;
			buildConfigurations = (
				138F1BE52B021AC1007BC8F9 /* Debug */,
				138F1BE62B021AC1007BC8F9 /* Release */,
			);
			defaultConfigurationIsVisible = 0;
			defaultConfigurationName = Release;
		};
/* End XCConfigurationList section */

/* Begin XCVersionGroup section */
		138F1BD92B021ABF007BC8F9 /* BookTree.xcdatamodeld */ = {
			isa = XCVersionGroup;
			children = (
				138F1BDA2B021ABF007BC8F9 /* BookTree.xcdatamodel */,
			);
			currentVersion = 138F1BDA2B021ABF007BC8F9 /* BookTree.xcdatamodel */;
			path = BookTree.xcdatamodeld;
			sourceTree = "<group>";
			versionGroupType = wrapper.xcdatamodel;
		};
/* End XCVersionGroup section */
	};
	rootObject = 138F1BC52B021ABF007BC8F9 /* Project object */;
}
